Microsoft Visual Studio Solution File, Format Version 12.00
# Visual Studio Version 17
VisualStudioVersion = 17.5.2.0
MinimumVisualStudioVersion = 10.0.40219.1
Project("{FAE04EC0-301F-11D3-BF4B-00C04F79EFBC}") = "SeleniumLab5", "SeleniumLab5.csproj", "{6D93B5AE-5B76-6623-B3C5-1178C2FE1C88}"
EndProject
Global
	GlobalSection(SolutionConfigurationPlatforms) = preSolution
		Debug|Any CPU = Debug|Any CPU
		Release|Any CPU = Release|Any CPU
	EndGlobalSection
	GlobalSection(ProjectConfigurationPlatforms) = postSolution
		{6D93B5AE-5B76-6623-B3C5-1178C2FE1C88}.Debug|Any CPU.ActiveCfg = Debug|Any CPU
		{6D93B5AE-5B76-6623-B3C5-1178C2FE1C88}.Debug|Any CPU.Build.0 = Debug|Any CPU
		{6D93B5AE-5B76-6623-B3C5-1178C2FE1C88}.Release|Any CPU.ActiveCfg = Release|Any CPU
		{6D93B5AE-5B76-6623-B3C5-1178C2FE1C88}.Release|Any CPU.Build.0 = Release|Any CPU
	EndGlobalSection
	GlobalSection(SolutionProperties) = preSolution
		HideSolutionNode = FALSE
	EndGlobalSection
	GlobalSection(ExtensibilityGlobals) = postSolution
		SolutionGuid = {9C94C3AF-E3A5-46EF-BD91-F1B9DF4CD513}
	EndGlobalSection
EndGlobal
